// !$*UTF8*$!
{
	archiveVersion = 1;
	classes = {
	};
	objectVersion = 46;
	objects = {

/* Begin PBXBuildFile section */
		8EB2A76D1D1829790075361F /* AppDelegate.swift in Sources */ = {isa = PBXBuildFile; fileRef = 8EB2A76C1D1829790075361F /* AppDelegate.swift */; };
		8EB2A76F1D1829790075361F /* ViewController.swift in Sources */ = {isa = PBXBuildFile; fileRef = 8EB2A76E1D1829790075361F /* ViewController.swift */; };
		8EB2A7721D1829790075361F /* Main.storyboard in Resources */ = {isa = PBXBuildFile; fileRef = 8EB2A7701D1829790075361F /* Main.storyboard */; };
		8EB2A7751D1829790075361F /* GestureAvatar10.xcdatamodeld in Sources */ = {isa = PBXBuildFile; fileRef = 8EB2A7731D1829790075361F /* GestureAvatar10.xcdatamodeld */; };
		8EB2A7771D1829790075361F /* Assets.xcassets in Resources */ = {isa = PBXBuildFile; fileRef = 8EB2A7761D1829790075361F /* Assets.xcassets */; };
		8EB2A77A1D1829790075361F /* LaunchScreen.storyboard in Resources */ = {isa = PBXBuildFile; fileRef = 8EB2A7781D1829790075361F /* LaunchScreen.storyboard */; };
		8EB2A7851D1829790075361F /* GestureAvatar10Tests.swift in Sources */ = {isa = PBXBuildFile; fileRef = 8EB2A7841D1829790075361F /* GestureAvatar10Tests.swift */; };
		8EB2A7901D1829790075361F /* GestureAvatar10UITests.swift in Sources */ = {isa = PBXBuildFile; fileRef = 8EB2A78F1D1829790075361F /* GestureAvatar10UITests.swift */; };
/* End PBXBuildFile section */

/* Begin PBXContainerItemProxy section */
		8EB2A7811D1829790075361F /* PBXContainerItemProxy */ = {
			isa = PBXContainerItemProxy;
			containerPortal = 8EB2A7611D1829790075361F /* Project object */;
			proxyType = 1;
			remoteGlobalIDString = 8EB2A7681D1829790075361F;
			remoteInfo = GestureAvatar10;
		};
		8EB2A78C1D1829790075361F /* PBXContainerItemProxy */ = {
			isa = PBXContainerItemProxy;
			containerPortal = 8EB2A7611D1829790075361F /* Project object */;
			proxyType = 1;
			remoteGlobalIDString = 8EB2A7681D1829790075361F;
			remoteInfo = GestureAvatar10;
		};
/* End PBXContainerItemProxy section */

/* Begin PBXFileReference section */
		8EB2A7691D1829790075361F /* GestureAvatar10.app */ = {isa = PBXFileReference; explicitFileType = wrapper.application; includeInIndex = 0; path = GestureAvatar10.app; sourceTree = BUILT_PRODUCTS_DIR; };
		8EB2A76C1D1829790075361F /* AppDelegate.swift */ = {isa = PBXFileReference; lastKnownFileType = sourcecode.swift; path = AppDelegate.swift; sourceTree = "<group>"; };
		8EB2A76E1D1829790075361F /* ViewController.swift */ = {isa = PBXFileReference; lastKnownFileType = sourcecode.swift; path = ViewController.swift; sourceTree = "<group>"; };
		8EB2A7711D1829790075361F /* Base */ = {isa = PBXFileReference; lastKnownFileType = file.storyboard; name = Base; path = Base.lproj/Main.storyboard; sourceTree = "<group>"; };
		8EB2A7741D1829790075361F /* GestureAvatar10.xcdatamodel */ = {isa = PBXFileReference; lastKnownFileType = wrapper.xcdatamodel; path = GestureAvatar10.xcdatamodel; sourceTree = "<group>"; };
		8EB2A7761D1829790075361F /* Assets.xcassets */ = {isa = PBXFileReference; lastKnownFileType = folder.assetcatalog; path = Assets.xcassets; sourceTree = "<group>"; };
		8EB2A7791D1829790075361F /* Base */ = {isa = PBXFileReference; lastKnownFileType = file.storyboard; name = Base; path = Base.lproj/LaunchScreen.storyboard; sourceTree = "<group>"; };
		8EB2A77B1D1829790075361F /* Info.plist */ = {isa = PBXFileReference; lastKnownFileType = text.plist.xml; path = Info.plist; sourceTree = "<group>"; };
		8EB2A7801D1829790075361F /* GestureAvatar10Tests.xctest */ = {isa = PBXFileReference; explicitFileType = wrapper.cfbundle; includeInIndex = 0; path = GestureAvatar10Tests.xctest; sourceTree = BUILT_PRODUCTS_DIR; };
		8EB2A7841D1829790075361F /* GestureAvatar10Tests.swift */ = {isa = PBXFileReference; lastKnownFileType = sourcecode.swift; path = GestureAvatar10Tests.swift; sourceTree = "<group>"; };
		8EB2A7861D1829790075361F /* Info.plist */ = {isa = PBXFileReference; lastKnownFileType = text.plist.xml; path = Info.plist; sourceTree = "<group>"; };
		8EB2A78B1D1829790075361F /* GestureAvatar10UITests.xctest */ = {isa = PBXFileReference; explicitFileType = wrapper.cfbundle; includeInIndex = 0; path = GestureAvatar10UITests.xctest; sourceTree = BUILT_PRODUCTS_DIR; };
		8EB2A78F1D1829790075361F /* GestureAvatar10UITests.swift */ = {isa = PBXFileReference; lastKnownFileType = sourcecode.swift; path = GestureAvatar10UITests.swift; sourceTree = "<group>"; };
		8EB2A7911D1829790075361F /* Info.plist */ = {isa = PBXFileReference; lastKnownFileType = text.plist.xml; path = Info.plist; sourceTree = "<group>"; };
/* End PBXFileReference section */

/* Begin PBXFrameworksBuildPhase section */
		8EB2A7661D1829790075361F /* Frameworks */ = {
			isa = PBXFrameworksBuildPhase;
			buildActionMask = 2147483647;
			files = (
			);
			runOnlyForDeploymentPostprocessing = 0;
		};
		8EB2A77D1D1829790075361F /* Frameworks */ = {
			isa = PBXFrameworksBuildPhase;
			buildActionMask = 2147483647;
			files = (
			);
			runOnlyForDeploymentPostprocessing = 0;
		};
		8EB2A7881D1829790075361F /* Frameworks */ = {
			isa = PBXFrameworksBuildPhase;
			buildActionMask = 2147483647;
			files = (
			);
			runOnlyForDeploymentPostprocessing = 0;
		};
/* End PBXFrameworksBuildPhase section */

/* Begin PBXGroup section */
		8EB2A7601D1829790075361F = {
			isa = PBXGroup;
			children = (
				8EB2A76B1D1829790075361F /* GestureAvatar10 */,
				8EB2A7831D1829790075361F /* GestureAvatar10Tests */,
				8EB2A78E1D1829790075361F /* GestureAvatar10UITests */,
				8EB2A76A1D1829790075361F /* Products */,
			);
			sourceTree = "<group>";
		};
		8EB2A76A1D1829790075361F /* Products */ = {
			isa = PBXGroup;
			children = (
				8EB2A7691D1829790075361F /* GestureAvatar10.app */,
				8EB2A7801D1829790075361F /* GestureAvatar10Tests.xctest */,
				8EB2A78B1D1829790075361F /* GestureAvatar10UITests.xctest */,
			);
			name = Products;
			sourceTree = "<group>";
		};
		8EB2A76B1D1829790075361F /* GestureAvatar10 */ = {
			isa = PBXGroup;
			children = (
				8EB2A76C1D1829790075361F /* AppDelegate.swift */,
				8EB2A76E1D1829790075361F /* ViewController.swift */,
				8EB2A7701D1829790075361F /* Main.storyboard */,
				8EB2A7761D1829790075361F /* Assets.xcassets */,
				8EB2A7781D1829790075361F /* LaunchScreen.storyboard */,
				8EB2A77B1D1829790075361F /* Info.plist */,
				8EB2A7731D1829790075361F /* GestureAvatar10.xcdatamodeld */,
			);
			path = GestureAvatar10;
			sourceTree = "<group>";
		};
		8EB2A7831D1829790075361F /* GestureAvatar10Tests */ = {
			isa = PBXGroup;
			children = (
				8EB2A7841D1829790075361F /* GestureAvatar10Tests.swift */,
				8EB2A7861D1829790075361F /* Info.plist */,
			);
			path = GestureAvatar10Tests;
			sourceTree = "<group>";
		};
		8EB2A78E1D1829790075361F /* GestureAvatar10UITests */ = {
			isa = PBXGroup;
			children = (
				8EB2A78F1D1829790075361F /* GestureAvatar10UITests.swift */,
				8EB2A7911D1829790075361F /* Info.plist */,
			);
			path = GestureAvatar10UITests;
			sourceTree = "<group>";
		};
/* End PBXGroup section */

/* Begin PBXNativeTarget section */
		8EB2A7681D1829790075361F /* GestureAvatar10 */ = {
			isa = PBXNativeTarget;
			buildConfigurationList = 8EB2A7941D1829790075361F /* Build configuration list for PBXNativeTarget "GestureAvatar10" */;
			buildPhases = (
				8EB2A7651D1829790075361F /* Sources */,
				8EB2A7661D1829790075361F /* Frameworks */,
				8EB2A7671D1829790075361F /* Resources */,
			);
			buildRules = (
			);
			dependencies = (
			);
			name = GestureAvatar10;
			productName = GestureAvatar10;
			productReference = 8EB2A7691D1829790075361F /* GestureAvatar10.app */;
			productType = "com.apple.product-type.application";
		};
		8EB2A77F1D1829790075361F /* GestureAvatar10Tests */ = {
			isa = PBXNativeTarget;
			buildConfigurationList = 8EB2A7971D1829790075361F /* Build configuration list for PBXNativeTarget "GestureAvatar10Tests" */;
			buildPhases = (
				8EB2A77C1D1829790075361F /* Sources */,
				8EB2A77D1D1829790075361F /* Frameworks */,
				8EB2A77E1D1829790075361F /* Resources */,
			);
			buildRules = (
			);
			dependencies = (
				8EB2A7821D1829790075361F /* PBXTargetDependency */,
			);
			name = GestureAvatar10Tests;
			productName = GestureAvatar10Tests;
			productReference = 8EB2A7801D1829790075361F /* GestureAvatar10Tests.xctest */;
			productType = "com.apple.product-type.bundle.unit-test";
		};
		8EB2A78A1D1829790075361F /* GestureAvatar10UITests */ = {
			isa = PBXNativeTarget;
			buildConfigurationList = 8EB2A79A1D1829790075361F /* Build configuration list for PBXNativeTarget "GestureAvatar10UITests" */;
			buildPhases = (
				8EB2A7871D1829790075361F /* Sources */,
				8EB2A7881D1829790075361F /* Frameworks */,
				8EB2A7891D1829790075361F /* Resources */,
			);
			buildRules = (
			);
			dependencies = (
				8EB2A78D1D1829790075361F /* PBXTargetDependency */,
			);
			name = GestureAvatar10UITests;
			productName = GestureAvatar10UITests;
			productReference = 8EB2A78B1D1829790075361F /* GestureAvatar10UITests.xctest */;
			productType = "com.apple.product-type.bundle.ui-testing";
		};
/* End PBXNativeTarget section */

/* Begin PBXProject section */
		8EB2A7611D1829790075361F /* Project object */ = {
			isa = PBXProject;
			attributes = {
				LastSwiftUpdateCheck = 0730;
				LastUpgradeCheck = 0730;
				ORGANIZATIONNAME = YujungLee;
				TargetAttributes = {
					8EB2A7681D1829790075361F = {
						CreatedOnToolsVersion = 7.3.1;
					};
					8EB2A77F1D1829790075361F = {
						CreatedOnToolsVersion = 7.3.1;
						TestTargetID = 8EB2A7681D1829790075361F;
					};
					8EB2A78A1D1829790075361F = {
						CreatedOnToolsVersion = 7.3.1;
						TestTargetID = 8EB2A7681D1829790075361F;
					};
				};
			};
			buildConfigurationList = 8EB2A7641D1829790075361F /* Build configuration list for PBXProject "GestureAvatar10" */;
			compatibilityVersion = "Xcode 3.2";
			developmentRegion = English;
			hasScannedForEncodings = 0;
			knownRegions = (
				en,
				Base,
			);
			mainGroup = 8EB2A7601D1829790075361F;
			productRefGroup = 8EB2A76A1D1829790075361F /* Products */;
			projectDirPath = "";
			projectRoot = "";
			targets = (
				8EB2A7681D1829790075361F /* GestureAvatar10 */,
				8EB2A77F1D1829790075361F /* GestureAvatar10Tests */,
				8EB2A78A1D1829790075361F /* GestureAvatar10UITests */,
			);
		};
/* End PBXProject section */

/* Begin PBXResourcesBuildPhase section */
		8EB2A7671D1829790075361F /* Resources */ = {
			isa = PBXResourcesBuildPhase;
			buildActionMask = 2147483647;
			files = (
				8EB2A77A1D1829790075361F /* LaunchScreen.storyboard in Resources */,
				8EB2A7771D1829790075361F /* Assets.xcassets in Resources */,
				8EB2A7721D1829790075361F /* Main.storyboard in Resources */,
			);
			runOnlyForDeploymentPostprocessing = 0;
		};
		8EB2A77E1D1829790075361F /* Resources */ = {
			isa = PBXResourcesBuildPhase;
			buildActionMask = 2147483647;
			files = (
			);
			runOnlyForDeploymentPostprocessing = 0;
		};
		8EB2A7891D1829790075361F /* Resources */ = {
			isa = PBXResourcesBuildPhase;
			buildActionMask = 2147483647;
			files = (
			);
			runOnlyForDeploymentPostprocessing = 0;
		};
/* End PBXResourcesBuildPhase section */

/* Begin PBXSourcesBuildPhase section */
		8EB2A7651D1829790075361F /* Sources */ = {
			isa = PBXSourcesBuildPhase;
			buildActionMask = 2147483647;
			files = (
				8EB2A76F1D1829790075361F /* ViewController.swift in Sources */,
				8EB2A7751D1829790075361F /* GestureAvatar10.xcdatamodeld in Sources */,
				8EB2A76D1D1829790075361F /* AppDelegate.swift in Sources */,
			);
			runOnlyForDeploymentPostprocessing = 0;
		};
		8EB2A77C1D1829790075361F /* Sources */ = {
			isa = PBXSourcesBuildPhase;
			buildActionMask = 2147483647;
			files = (
				8EB2A7851D1829790075361F /* GestureAvatar10Tests.swift in Sources */,
			);
			runOnlyForDeploymentPostprocessing = 0;
		};
		8EB2A7871D1829790075361F /* Sources */ = {
			isa = PBXSourcesBuildPhase;
			buildActionMask = 2147483647;
			files = (
				8EB2A7901D1829790075361F /* GestureAvatar10UITests.swift in Sources */,
			);
			runOnlyForDeploymentPostprocessing = 0;
		};
/* End PBXSourcesBuildPhase section */

/* Begin PBXTargetDependency section */
		8EB2A7821D1829790075361F /* PBXTargetDependency */ = {
			isa = PBXTargetDependency;
			target = 8EB2A7681D1829790075361F /* GestureAvatar10 */;
			targetProxy = 8EB2A7811D1829790075361F /* PBXContainerItemProxy */;
		};
		8EB2A78D1D1829790075361F /* PBXTargetDependency */ = {
			isa = PBXTargetDependency;
			target = 8EB2A7681D1829790075361F /* GestureAvatar10 */;
			targetProxy = 8EB2A78C1D1829790075361F /* PBXContainerItemProxy */;
		};
/* End PBXTargetDependency section */

/* Begin PBXVariantGroup section */
		8EB2A7701D1829790075361F /* Main.storyboard */ = {
			isa = PBXVariantGroup;
			children = (
				8EB2A7711D1829790075361F /* Base */,
			);
			name = Main.storyboard;
			sourceTree = "<group>";
		};
		8EB2A7781D1829790075361F /* LaunchScreen.storyboard */ = {
			isa = PBXVariantGroup;
			children = (
				8EB2A7791D1829790075361F /* Base */,
			);
			name = LaunchScreen.storyboard;
			sourceTree = "<group>";
		};
/* End PBXVariantGroup section */

/* Begin XCBuildConfiguration section */
		8EB2A7921D1829790075361F /* Debug */ = {
			isa = XCBuildConfiguration;
			buildSettings = {
				ALWAYS_SEARCH_USER_PATHS = NO;
				CLANG_ANALYZER_NONNULL = YES;
				CLANG_CXX_LANGUAGE_STANDARD = "gnu++0x";
				CLANG_CXX_LIBRARY = "libc++";
				CLANG_ENABLE_MODULES = YES;
				CLANG_ENABLE_OBJC_ARC = YES;
				CLANG_WARN_BOOL_CONVERSION = YES;
				CLANG_WARN_CONSTANT_CONVERSION = YES;
				CLANG_WARN_DIRECT_OBJC_ISA_USAGE = YES_ERROR;
				CLANG_WARN_EMPTY_BODY = YES;
				CLANG_WARN_ENUM_CONVERSION = YES;
				CLANG_WARN_INT_CONVERSION = YES;
				CLANG_WARN_OBJC_ROOT_CLASS = YES_ERROR;
				CLANG_WARN_UNREACHABLE_CODE = YES;
				CLANG_WARN__DUPLICATE_METHOD_MATCH = YES;
				"CODE_SIGN_IDENTITY[sdk=iphoneos*]" = "iPhone Developer";
				COPY_PHASE_STRIP = NO;
				DEBUG_INFORMATION_FORMAT = dwarf;
				ENABLE_STRICT_OBJC_MSGSEND = YES;
				ENABLE_TESTABILITY = YES;
				GCC_C_LANGUAGE_STANDARD = gnu99;
				GCC_DYNAMIC_NO_PIC = NO;
				GCC_NO_COMMON_BLOCKS = YES;
				GCC_OPTIMIZATION_LEVEL = 0;
				GCC_PREPROCESSOR_DEFINITIONS = (
					"DEBUG=1",
					"$(inherited)",
				);
				GCC_WARN_64_TO_32_BIT_CONVERSION = YES;
				GCC_WARN_ABOUT_RETURN_TYPE = YES_ERROR;
				GCC_WARN_UNDECLARED_SELECTOR = YES;
				GCC_WARN_UNINITIALIZED_AUTOS = YES_AGGRESSIVE;
				GCC_WARN_UNUSED_FUNCTION = YES;
				GCC_WARN_UNUSED_VARIABLE = YES;
				IPHONEOS_DEPLOYMENT_TARGET = 9.3;
				MTL_ENABLE_DEBUG_INFO = YES;
				ONLY_ACTIVE_ARCH = YES;
				SDKROOT = iphoneos;
				SWIFT_OPTIMIZATION_LEVEL = "-Onone";
				TARGETED_DEVICE_FAMILY = "1,2";
			};
			name = Debug;
		};
		8EB2A7931D1829790075361F /* Release */ = {
			isa = XCBuildConfiguration;
			buildSettings = {
				ALWAYS_SEARCH_USER_PATHS = NO;
				CLANG_ANALYZER_NONNULL = YES;
				CLANG_CXX_LANGUAGE_STANDARD = "gnu++0x";
				CLANG_CXX_LIBRARY = "libc++";
				CLANG_ENABLE_MODULES = YES;
				CLANG_ENABLE_OBJC_ARC = YES;
				CLANG_WARN_BOOL_CONVERSION = YES;
				CLANG_WARN_CONSTANT_CONVERSION = YES;
				CLANG_WARN_DIRECT_OBJC_ISA_USAGE = YES_ERROR;
				CLANG_WARN_EMPTY_BODY = YES;
				CLANG_WARN_ENUM_CONVERSION = YES;
				CLANG_WARN_INT_CONVERSION = YES;
				CLANG_WARN_OBJC_ROOT_CLASS = YES_ERROR;
				CLANG_WARN_UNREACHABLE_CODE = YES;
				CLANG_WARN__DUPLICATE_METHOD_MATCH = YES;
				"CODE_SIGN_IDENTITY[sdk=iphoneos*]" = "iPhone Developer";
				COPY_PHASE_STRIP = NO;
				DEBUG_INFORMATION_FORMAT = "dwarf-with-dsym";
				ENABLE_NS_ASSERTIONS = NO;
				ENABLE_STRICT_OBJC_MSGSEND = YES;
				GCC_C_LANGUAGE_STANDARD = gnu99;
				GCC_NO_COMMON_BLOCKS = YES;
				GCC_WARN_64_TO_32_BIT_CONVERSION = YES;
				GCC_WARN_ABOUT_RETURN_TYPE = YES_ERROR;
				GCC_WARN_UNDECLARED_SELECTOR = YES;
				GCC_WARN_UNINITIALIZED_AUTOS = YES_AGGRESSIVE;
				GCC_WARN_UNUSED_FUNCTION = YES;
				GCC_WARN_UNUSED_VARIABLE = YES;
				IPHONEOS_DEPLOYMENT_TARGET = 9.3;
				MTL_ENABLE_DEBUG_INFO = NO;
				SDKROOT = iphoneos;
				TARGETED_DEVICE_FAMILY = "1,2";
				VALIDATE_PRODUCT = YES;
			};
			name = Release;
		};
		8EB2A7951D1829790075361F /* Debug */ = {
			isa = XCBuildConfiguration;
			buildSettings = {
				ASSETCATALOG_COMPILER_APPICON_NAME = AppIcon;
				INFOPLIST_FILE = GestureAvatar10/Info.plist;
				LD_RUNPATH_SEARCH_PATHS = "$(inherited) @executable_path/Frameworks";
				PRODUCT_BUNDLE_IDENTIFIER = kr.ac.sogang.mail.20131589.GestureAvatar10;
				PRODUCT_NAME = "$(TARGET_NAME)";
			};
			name = Debug;
		};
		8EB2A7961D1829790075361F /* Release */ = {
			isa = XCBuildConfiguration;
			buildSettings = {
				ASSETCATALOG_COMPILER_APPICON_NAME = AppIcon;
				INFOPLIST_FILE = GestureAvatar10/Info.plist;
				LD_RUNPATH_SEARCH_PATHS = "$(inherited) @executable_path/Frameworks";
				PRODUCT_BUNDLE_IDENTIFIER = kr.ac.sogang.mail.20131589.GestureAvatar10;
				PRODUCT_NAME = "$(TARGET_NAME)";
			};
			name = Release;
		};
		8EB2A7981D1829790075361F /* Debug */ = {
			isa = XCBuildConfiguration;
			buildSettings = {
				BUNDLE_LOADER = "$(TEST_HOST)";
				INFOPLIST_FILE = GestureAvatar10Tests/Info.plist;
				LD_RUNPATH_SEARCH_PATHS = "$(inherited) @executable_path/Frameworks @loader_path/Frameworks";
				PRODUCT_BUNDLE_IDENTIFIER = kr.ac.sogang.mail.20131589.GestureAvatar10Tests;
				PRODUCT_NAME = "$(TARGET_NAME)";
				TEST_HOST = "$(BUILT_PRODUCTS_DIR)/GestureAvatar10.app/GestureAvatar10";
			};
			name = Debug;
		};
		8EB2A7991D1829790075361F /* Release */ = {
			isa = XCBuildConfiguration;
			buildSettings = {
				BUNDLE_LOADER = "$(TEST_HOST)";
				INFOPLIST_FILE = GestureAvatar10Tests/Info.plist;
				LD_RUNPATH_SEARCH_PATHS = "$(inherited) @executable_path/Frameworks @loader_path/Frameworks";
				PRODUCT_BUNDLE_IDENTIFIER = kr.ac.sogang.mail.20131589.GestureAvatar10Tests;
				PRODUCT_NAME = "$(TARGET_NAME)";
				TEST_HOST = "$(BUILT_PRODUCTS_DIR)/GestureAvatar10.app/GestureAvatar10";
			};
			name = Release;
		};
		8EB2A79B1D1829790075361F /* Debug */ = {
			isa = XCBuildConfiguration;
			buildSettings = {
				INFOPLIST_FILE = GestureAvatar10UITests/Info.plist;
				LD_RUNPATH_SEARCH_PATHS = "$(inherited) @executable_path/Frameworks @loader_path/Frameworks";
				PRODUCT_BUNDLE_IDENTIFIER = kr.ac.sogang.mail.20131589.GestureAvatar10UITests;
				PRODUCT_NAME = "$(TARGET_NAME)";
				TEST_TARGET_NAME = GestureAvatar10;
			};
			name = Debug;
		};
		8EB2A79C1D1829790075361F /* Release */ = {
			isa = XCBuildConfiguration;
			buildSettings = {
				INFOPLIST_FILE = GestureAvatar10UITests/Info.plist;
				LD_RUNPATH_SEARCH_PATHS = "$(inherited) @executable_path/Frameworks @loader_path/Frameworks";
				PRODUCT_BUNDLE_IDENTIFIER = kr.ac.sogang.mail.20131589.GestureAvatar10UITests;
				PRODUCT_NAME = "$(TARGET_NAME)";
				TEST_TARGET_NAME = GestureAvatar10;
			};
			name = Release;
		};
/* End XCBuildConfiguration section */

/* Begin XCConfigurationList section */
		8EB2A7641D1829790075361F /* Build configuration list for PBXProject "GestureAvatar10" */ = {
			isa = XCConfigurationList;
			buildConfigurations = (
				8EB2A7921D1829790075361F /* Debug */,
				8EB2A7931D1829790075361F /* Release */,
			);
			defaultConfigurationIsVisible = 0;
			defaultConfigurationName = Release;
		};
		8EB2A7941D1829790075361F /* Build configuration list for PBXNativeTarget "GestureAvatar10" */ = {
			isa = XCConfigurationList;
			buildConfigurations = (
				8EB2A7951D1829790075361F /* Debug */,
				8EB2A7961D1829790075361F /* Release */,
			);
			defaultConfigurationIsVisible = 0;
		};
		8EB2A7971D1829790075361F /* Build configuration list for PBXNativeTarget "GestureAvatar10Tests" */ = {
			isa = XCConfigurationList;
			buildConfigurations = (
				8EB2A7981D1829790075361F /* Debug */,
				8EB2A7991D1829790075361F /* Release */,
			);
			defaultConfigurationIsVisible = 0;
		};
		8EB2A79A1D1829790075361F /* Build configuration list for PBXNativeTarget "GestureAvatar10UITests" */ = {
			isa = XCConfigurationList;
			buildConfigurations = (
				8EB2A79B1D1829790075361F /* Debug */,
				8EB2A79C1D1829790075361F /* Release */,
			);
			defaultConfigurationIsVisible = 0;
		};
/* End XCConfigurationList section */

/* Begin XCVersionGroup section */
		8EB2A7731D1829790075361F /* GestureAvatar10.xcdatamodeld */ = {
			isa = XCVersionGroup;
			children = (
				8EB2A7741D1829790075361F /* GestureAvatar10.xcdatamodel */,
			);
			currentVersion = 8EB2A7741D1829790075361F /* GestureAvatar10.xcdatamodel */;
			path = GestureAvatar10.xcdatamodeld;
			sourceTree = "<group>";
			versionGroupType = wrapper.xcdatamodel;
		};
/* End XCVersionGroup section */
	};
	rootObject = 8EB2A7611D1829790075361F /* Project object */;
}
